{
  "name": "typesafe-hapi",
  "version": "0.0.0",
  "lockfileVersion": 1,
  "requires": true,
  "dependencies": {
    "@types/boom": {
      "version": "7.2.1",
      "resolved": "https://registry.npmjs.org/@types/boom/-/boom-7.2.1.tgz",
      "integrity": "sha512-kOiap+kSa4DPoookJXQGQyKy1rjZ55tgfKAh9F0m1NUdukkcwVzpSnXPMH42a5L+U++ugdQlh/xFJu/WAdr1aw=="
    },
    "@types/catbox": {
      "version": "10.0.6",
      "resolved": "https://registry.npmjs.org/@types/catbox/-/catbox-10.0.6.tgz",
      "integrity": "sha512-qS0VHlL6eBUUoUeBnI/ASCffoniS62zdV6IUtLSIjGKmRhZNawotaOMsTYivZOTZVktfe9koAJkD9XFac7tEEg=="
    },
    "@types/iron": {
      "version": "5.0.1",
      "resolved": "https://registry.npmjs.org/@types/iron/-/iron-5.0.1.tgz",
      "integrity": "sha512-Ng5BkVGPt7Tw9k1OJ6qYwuD9+dmnWgActmsnnrdvs4075N8V2go1f6Pz8omG3q5rbHjXN6yzzZDYo3JOgAE/Ug==",
      "requires": {
        "@types/node": "*"
      }
    },
    "@types/mime-db": {
      "version": "1.27.0",
      "resolved": "https://registry.npmjs.org/@types/mime-db/-/mime-db-1.27.0.tgz",
      "integrity": "sha1-m8AUof0f30dknBpUxt15ZrgoR5I="
    },
    "@types/mimos": {
      "version": "3.0.1",
      "resolved": "https://registry.npmjs.org/@types/mimos/-/mimos-3.0.1.tgz",
      "integrity": "sha512-MATIRH4VMIJki8lcYUZdNQEHuAG7iQ1FWwoLgxV+4fUOly2xZYdhHtGgvQyWiTeJqq2tZbE0nOOgZD6pR0FpNQ==",
      "requires": {
        "@types/mime-db": "*"
      }
    },
    "@types/node": {
      "version": "11.11.3",
      "resolved": "https://registry.npmjs.org/@types/node/-/node-11.11.3.tgz",
      "integrity": "sha512-wp6IOGu1lxsfnrD+5mX6qwSwWuqsdkKKxTN4aQc4wByHAKZJf9/D4KXPQ1POUjEbnCP5LMggB0OEFNY9OTsMqg=="
    },
    "@types/podium": {
      "version": "1.0.0",
      "resolved": "https://registry.npmjs.org/@types/podium/-/podium-1.0.0.tgz",
      "integrity": "sha1-v6ohUb4rHWEJzGn3+qnawsujuyA="
    },
    "@types/shot": {
      "version": "4.0.0",
      "resolved": "https://registry.npmjs.org/@types/shot/-/shot-4.0.0.tgz",
      "integrity": "sha512-Xv+n8yfccuicMlwBY58K5PVVNtXRm7uDzcwwmCarBxMP+XxGfnh1BI06YiVAsPbTAzcnYsrzpoS5QHeyV7LS8A==",
      "requires": {
        "@types/node": "*"
      }
    },
    "typesafe-joi": {
      "version": "1.0.0-beta5",
      "resolved": "https://registry.npmjs.org/typesafe-joi/-/typesafe-joi-1.0.0-beta5.tgz",
      "integrity": "sha512-ZbJbRbUYal67i9rRqtBYcjswUhEs+Wfc5/KyFSP8YV/omvsZtsex67Yzx0pCYnb/AjTEZ0ojUot5jLf3RJG8Uw==",
      "requires": {
        "@types/node": "*"
      }
    },
    "typescript": {
      "version": "3.3.3333",
      "resolved": "https://registry.npmjs.org/typescript/-/typescript-3.3.3333.tgz",
      "integrity": "sha512-JjSKsAfuHBE/fB2oZ8NxtRTk5iGcg6hkYXMnZ3Wc+b2RSqejEqTaem11mHASMnFilHrax3sLK0GDzcJrekZYLw==",
      "dev": true
    }
  }
}
